# This file is automatically @generated by Poetry 1.7.1 and should not be changed by hand.

[[package]]
name = "advent-helper"
version = "1.0.0"
description = ""
optional = false
python-versions = "3.12.1"
files = []
develop = true

[package.source]
type = "directory"
url = "advent_helper"

[metadata]
lock-version = "2.0"
python-versions = "3.12.1"
content-hash = "1cd4be6e28552749ce0ecb4eb6b797388c20e490cd1f46dfe41d3d99942f1c22"
